<?xml version="1.0" encoding="utf-8"?>
<Project ToolsVersion="4.0" xmlns="http://schemas.microsoft.com/developer/msbuild/2003">
  <ItemGroup>
    <Filter Include="Source Files">
      <UniqueIdentifier>{4FC737F1-C7A5-4376-A066-2A32D752A2FF}</UniqueIdentifier>
      <Extensions>cpp;c;cc;cxx;def;odl;idl;hpj;bat;asm;asmx</Extensions>
    </Filter>
    <Filter Include="Source Files\AudioLib">
      <UniqueIdentifier>{2b5269a2-f0d0-4a31-89db-f0bb4679c0d7}</UniqueIdentifier>
    </Filter>
  </ItemGroup>
  <ItemGroup>
    <ClInclude Include="..\CloudSeed.Native\AllpassDiffuser.h">
      <Filter>Source Files</Filter>
    </ClInclude>
    <ClInclude Include="..\CloudSeed.Native\Default.h">
      <Filter>Source Files</Filter>
    </ClInclude>
    <ClInclude Include="..\CloudSeed.Native\DelayLine.h">
      <Filter>Source Files</Filter>
    </ClInclude>
    <ClInclude Include="..\CloudSeed.Native\FastSin.h">
      <Filter>Source Files</Filter>
    </ClInclude>
    <ClInclude Include="..\CloudSeed.Native\ModulatedAllpass.h">
      <Filter>Source Files</Filter>
    </ClInclude>
    <ClInclude Include="..\CloudSeed.Native\ModulatedDelay.h">
      <Filter>Source Files</Filter>
    </ClInclude>
    <ClInclude Include="..\CloudSeed.Native\MultitapDiffuser.h">
      <Filter>Source Files</Filter>
    </ClInclude>
    <ClInclude Include="..\CloudSeed.Native\Parameter.h">
      <Filter>Source Files</Filter>
    </ClInclude>
    <ClInclude Include="..\CloudSeed.Native\ReverbChannel.h">
      <Filter>Source Files</Filter>
    </ClInclude>
    <ClInclude Include="..\CloudSeed.Native\ReverbController.h">
      <Filter>Source Files</Filter>
    </ClInclude>
    <ClInclude Include="..\CloudSeed.Native\Utils.h">
      <Filter>Source Files</Filter>
    </ClInclude>
    <ClInclude Include="..\CloudSeed.Native\AudioLib\Biquad.h">
      <Filter>Source Files\AudioLib</Filter>
    </ClInclude>
    <ClInclude Include="..\CloudSeed.Native\AudioLib\Hp1.h">
      <Filter>Source Files\AudioLib</Filter>
    </ClInclude>
    <ClInclude Include="..\CloudSeed.Native\AudioLib\Lp1.h">
      <Filter>Source Files\AudioLib</Filter>
    </ClInclude>
    <ClInclude Include="..\CloudSeed.Native\AudioLib\MathDefs.h">
      <Filter>Source Files\AudioLib</Filter>
    </ClInclude>
    <ClInclude Include="..\CloudSeed.Native\AudioLib\ValueTables.h">
      <Filter>Source Files\AudioLib</Filter>
    </ClInclude>
    <ClInclude Include="..\CloudSeed.Native\Main.h" />
    <ClInclude Include="..\CloudSeed.Native\AudioFile.h">
      <Filter>Source Files</Filter>
    </ClInclude>
    <ClInclude Include="..\CloudSeed.Native\Exports.h">
      <Filter>Source Files</Filter>
    </ClInclude>
    <ClInclude Include="..\CloudSeed.Native\AudioLib\LcgRandom.h">
      <Filter>Source Files\AudioLib</Filter>
    </ClInclude>
    <ClInclude Include="..\CloudSeed.Native\AudioLib\RandomBuffer.h">
      <Filter>Source Files\AudioLib</Filter>
    </ClInclude>
  </ItemGroup>
  <ItemGroup>
    <ClCompile Include="..\CloudSeed.Native\FastSin.cpp">
      <Filter>Source Files</Filter>
    </ClCompile>
    <ClCompile Include="..\CloudSeed.Native\AudioLib\Biquad.cpp">
      <Filter>Source Files\AudioLib</Filter>
    </ClCompile>
    <ClCompile Include="..\CloudSeed.Native\AudioLib\ValueTables.cpp">
      <Filter>Source Files\AudioLib</Filter>
    </ClCompile>
    <ClCompile Include="..\CloudSeed.Native\Main.cpp">
      <Filter>Source Files</Filter>
    </ClCompile>
    <ClCompile Include="..\CloudSeed.Native\Exports.cpp">
      <Filter>Source Files</Filter>
    </ClCompile>
    <ClCompile Include="..\CloudSeed.Native\AudioLib\RandomBuffer.cpp">
      <Filter>Source Files\AudioLib</Filter>
    </ClCompile>
  </ItemGroup>
</Project>