
Microsoft Visual Studio Solution File, Format Version 12.00
# Visual Studio 15
VisualStudioVersion = 15.0.27428.2002
MinimumVisualStudioVersion = 10.0.40219.1
Project("{FAE04EC0-301F-11D3-BF4B-00C04F79EFBC}") = "CloudSeed", "CloudSeed\CloudSeed.csproj", "{9BB36904-5BF5-4929-86AA-FD9A884505DE}"
EndProject
Project("{8BC9CEB8-8B4A-11D0-8D11-00A0C91BC942}") = "CloudSeed.Native", "CloudSeed.Native\CloudSeed.Native.vcxproj", "{71460306-FE20-4720-A7D8-3D13B1739B17}"
EndProject
Project("{FAE04EC0-301F-11D3-BF4B-00C04F79EFBC}") = "AudioLib", "..\AudioLib\AudioLib\AudioLib.csproj", "{4905489D-6F81-4129-8780-744CED5B3269}"
EndProject
Project("{FAE04EC0-301F-11D3-BF4B-00C04F79EFBC}") = "CloudSeed.Tests", "CloudSeed.Tests\CloudSeed.Tests.csproj", "{1352CDF5-006D-49E0-A2EE-D00DB02AB5FE}"
EndProject
Global
	GlobalSection(SolutionConfigurationPlatforms) = preSolution
		Debug|x64 = Debug|x64
		Release|x64 = Release|x64
	EndGlobalSection
	GlobalSection(ProjectConfigurationPlatforms) = postSolution
		{9BB36904-5BF5-4929-86AA-FD9A884505DE}.Debug|x64.ActiveCfg = Debug|Any CPU
		{9BB36904-5BF5-4929-86AA-FD9A884505DE}.Debug|x64.Build.0 = Debug|Any CPU
		{9BB36904-5BF5-4929-86AA-FD9A884505DE}.Release|x64.ActiveCfg = Release|Any CPU
		{9BB36904-5BF5-4929-86AA-FD9A884505DE}.Release|x64.Build.0 = Release|Any CPU
		{71460306-FE20-4720-A7D8-3D13B1739B17}.Debug|x64.ActiveCfg = Debug|x64
		{71460306-FE20-4720-A7D8-3D13B1739B17}.Debug|x64.Build.0 = Debug|x64
		{71460306-FE20-4720-A7D8-3D13B1739B17}.Release|x64.ActiveCfg = Release|x64
		{71460306-FE20-4720-A7D8-3D13B1739B17}.Release|x64.Build.0 = Release|x64
		{4905489D-6F81-4129-8780-744CED5B3269}.Debug|x64.ActiveCfg = Debug|Any CPU
		{4905489D-6F81-4129-8780-744CED5B3269}.Debug|x64.Build.0 = Debug|Any CPU
		{4905489D-6F81-4129-8780-744CED5B3269}.Release|x64.ActiveCfg = Release|Any CPU
		{4905489D-6F81-4129-8780-744CED5B3269}.Release|x64.Build.0 = Release|Any CPU
		{1352CDF5-006D-49E0-A2EE-D00DB02AB5FE}.Debug|x64.ActiveCfg = Debug|x64
		{1352CDF5-006D-49E0-A2EE-D00DB02AB5FE}.Debug|x64.Build.0 = Debug|x64
		{1352CDF5-006D-49E0-A2EE-D00DB02AB5FE}.Release|x64.ActiveCfg = Release|x64
		{1352CDF5-006D-49E0-A2EE-D00DB02AB5FE}.Release|x64.Build.0 = Release|x64
	EndGlobalSection
	GlobalSection(SolutionProperties) = preSolution
		HideSolutionNode = FALSE
	EndGlobalSection
	GlobalSection(ExtensibilityGlobals) = postSolution
		SolutionGuid = {F3EADD4C-B981-42D8-88F6-8B4475A50A61}
	EndGlobalSection
EndGlobal
