
Microsoft Visual Studio Solution File, Format Version 12.00
# Visual Studio 2013
VisualStudioVersion = 12.0.30324.0
MinimumVisualStudioVersion = 10.0.40219.1
Project("{FAE04EC0-301F-11D3-BF4B-00C04F79EFBC}") = "CloudSeed", "CloudSeed\CloudSeed.csproj", "{9BB36904-5BF5-4929-86AA-FD9A884505DE}"
EndProject
Project("{8BC9CEB8-8B4A-11D0-8D11-00A0C91BC942}") = "CloudSeed.Native", "CloudSeed.Native\CloudSeed.Native.vcxproj", "{71460306-FE20-4720-A7D8-3D13B1739B17}"
EndProject
Project("{2150E333-8FDC-42A3-9474-1A3956D46DE8}") = "Solution Items", "Solution Items", "{8B49A193-9B1D-460A-BF3A-430557BAED3A}"
	ProjectSection(SolutionItems) = preProject
		Performance1.psess = Performance1.psess
	EndProjectSection
EndProject
Project("{FAE04EC0-301F-11D3-BF4B-00C04F79EFBC}") = "AudioLib", "..\AudioLib\AudioLib\AudioLib.csproj", "{4905489D-6F81-4129-8780-744CED5B3269}"
EndProject
Project("{FAE04EC0-301F-11D3-BF4B-00C04F79EFBC}") = "CloudSeed.Tests", "CloudSeed.Tests\CloudSeed.Tests.csproj", "{1352CDF5-006D-49E0-A2EE-D00DB02AB5FE}"
EndProject
Project("{FAE04EC0-301F-11D3-BF4B-00C04F79EFBC}") = "CloudSeed.Ui.Dev", "CloudSeed.Ui.Dev\CloudSeed.Ui.Dev.csproj", "{28103A65-ADFF-4418-830E-F43D22896608}"
EndProject
Project("{FAE04EC0-301F-11D3-BF4B-00C04F79EFBC}") = "CloudSeed.AudioPipe", "CloudSeed.AudioPipe\CloudSeed.AudioPipe.csproj", "{413473C7-6E65-46CA-A1AA-91C8ADF827F4}"
EndProject
Global
	GlobalSection(SolutionConfigurationPlatforms) = preSolution
		Debug|Any CPU = Debug|Any CPU
		Release|Any CPU = Release|Any CPU
	EndGlobalSection
	GlobalSection(ProjectConfigurationPlatforms) = postSolution
		{9BB36904-5BF5-4929-86AA-FD9A884505DE}.Debug|Any CPU.ActiveCfg = Debug|Any CPU
		{9BB36904-5BF5-4929-86AA-FD9A884505DE}.Debug|Any CPU.Build.0 = Debug|Any CPU
		{9BB36904-5BF5-4929-86AA-FD9A884505DE}.Release|Any CPU.ActiveCfg = Release|Any CPU
		{9BB36904-5BF5-4929-86AA-FD9A884505DE}.Release|Any CPU.Build.0 = Release|Any CPU
		{71460306-FE20-4720-A7D8-3D13B1739B17}.Debug|Any CPU.ActiveCfg = Debug|Win32
		{71460306-FE20-4720-A7D8-3D13B1739B17}.Release|Any CPU.ActiveCfg = Release|Win32
		{4905489D-6F81-4129-8780-744CED5B3269}.Debug|Any CPU.ActiveCfg = Debug|Any CPU
		{4905489D-6F81-4129-8780-744CED5B3269}.Debug|Any CPU.Build.0 = Debug|Any CPU
		{4905489D-6F81-4129-8780-744CED5B3269}.Release|Any CPU.ActiveCfg = Release|Any CPU
		{4905489D-6F81-4129-8780-744CED5B3269}.Release|Any CPU.Build.0 = Release|Any CPU
		{1352CDF5-006D-49E0-A2EE-D00DB02AB5FE}.Debug|Any CPU.ActiveCfg = Debug|Any CPU
		{1352CDF5-006D-49E0-A2EE-D00DB02AB5FE}.Debug|Any CPU.Build.0 = Debug|Any CPU
		{1352CDF5-006D-49E0-A2EE-D00DB02AB5FE}.Release|Any CPU.ActiveCfg = Release|Any CPU
		{1352CDF5-006D-49E0-A2EE-D00DB02AB5FE}.Release|Any CPU.Build.0 = Release|Any CPU
		{28103A65-ADFF-4418-830E-F43D22896608}.Debug|Any CPU.ActiveCfg = Debug|Any CPU
		{28103A65-ADFF-4418-830E-F43D22896608}.Debug|Any CPU.Build.0 = Debug|Any CPU
		{28103A65-ADFF-4418-830E-F43D22896608}.Release|Any CPU.ActiveCfg = Release|Any CPU
		{28103A65-ADFF-4418-830E-F43D22896608}.Release|Any CPU.Build.0 = Release|Any CPU
		{413473C7-6E65-46CA-A1AA-91C8ADF827F4}.Debug|Any CPU.ActiveCfg = Debug|Any CPU
		{413473C7-6E65-46CA-A1AA-91C8ADF827F4}.Debug|Any CPU.Build.0 = Debug|Any CPU
		{413473C7-6E65-46CA-A1AA-91C8ADF827F4}.Release|Any CPU.ActiveCfg = Release|Any CPU
		{413473C7-6E65-46CA-A1AA-91C8ADF827F4}.Release|Any CPU.Build.0 = Release|Any CPU
	EndGlobalSection
	GlobalSection(SolutionProperties) = preSolution
		HideSolutionNode = FALSE
	EndGlobalSection
EndGlobal
