<?xml version="1.0" encoding="utf-8"?>
<Project ToolsVersion="4.0" xmlns="http://schemas.microsoft.com/developer/msbuild/2003">
  <ItemGroup>
    <Filter Include="Source Files">
      <UniqueIdentifier>{4FC737F1-C7A5-4376-A066-2A32D752A2FF}</UniqueIdentifier>
      <Extensions>cpp;c;cc;cxx;def;odl;idl;hpj;bat;asm;asmx</Extensions>
    </Filter>
    <Filter Include="Resource Files">
      <UniqueIdentifier>{67DA6AB6-F800-4c08-8B7A-83BB121AAD01}</UniqueIdentifier>
      <Extensions>rc;ico;cur;bmp;dlg;rc2;rct;bin;rgs;gif;jpg;jpeg;jpe;resx;tiff;tif;png;wav;mfcribbon-ms</Extensions>
    </Filter>
    <Filter Include="Source Files\AudioLib">
      <UniqueIdentifier>{dbfb8845-4920-4335-b646-703c46dad011}</UniqueIdentifier>
    </Filter>
    <Filter Include="Source Files\Utils">
      <UniqueIdentifier>{e90233f2-634b-43dd-9327-4a8ebd7e032b}</UniqueIdentifier>
    </Filter>
  </ItemGroup>
  <ItemGroup>
    <ClInclude Include="AllpassDiffuser.h">
      <Filter>Source Files</Filter>
    </ClInclude>
    <ClInclude Include="DelayLine.h">
      <Filter>Source Files</Filter>
    </ClInclude>
    <ClInclude Include="FastSin.h">
      <Filter>Source Files</Filter>
    </ClInclude>
    <ClInclude Include="AudioLib\MathDefs.h">
      <Filter>Source Files\AudioLib</Filter>
    </ClInclude>
    <ClInclude Include="AudioLib\Biquad.h">
      <Filter>Source Files\AudioLib</Filter>
    </ClInclude>
    <ClInclude Include="AudioLib\Hp1.h">
      <Filter>Source Files\AudioLib</Filter>
    </ClInclude>
    <ClInclude Include="AudioLib\Lp1.h">
      <Filter>Source Files\AudioLib</Filter>
    </ClInclude>
    <ClInclude Include="AudioLib\ShaRandom.h">
      <Filter>Source Files\AudioLib</Filter>
    </ClInclude>
    <ClInclude Include="AudioLib\ValueTables.h">
      <Filter>Source Files\AudioLib</Filter>
    </ClInclude>
    <ClInclude Include="Utils\Sha256.h">
      <Filter>Source Files\Utils</Filter>
    </ClInclude>
    <ClInclude Include="ModulatedAllpass.h">
      <Filter>Source Files</Filter>
    </ClInclude>
    <ClInclude Include="ModulatedDelay.h">
      <Filter>Source Files</Filter>
    </ClInclude>
    <ClInclude Include="MultitapDiffuser.h">
      <Filter>Source Files</Filter>
    </ClInclude>
    <ClInclude Include="ReverbChannel.h">
      <Filter>Source Files</Filter>
    </ClInclude>
    <ClInclude Include="ReverbController.h">
      <Filter>Source Files</Filter>
    </ClInclude>
    <ClInclude Include="Utils.h">
      <Filter>Source Files</Filter>
    </ClInclude>
    <ClInclude Include="Parameter.h">
      <Filter>Source Files</Filter>
    </ClInclude>
    <ClInclude Include="Default.h">
      <Filter>Source Files</Filter>
    </ClInclude>
  </ItemGroup>
  <ItemGroup>
    <ClCompile Include="AudioLib\ValueTables.cpp">
      <Filter>Source Files\AudioLib</Filter>
    </ClCompile>
    <ClCompile Include="FastSin.cpp">
      <Filter>Source Files</Filter>
    </ClCompile>
    <ClCompile Include="Utils\Sha256.cpp">
      <Filter>Source Files\Utils</Filter>
    </ClCompile>
    <ClCompile Include="AudioLib\ShaRandom.cpp">
      <Filter>Source Files\AudioLib</Filter>
    </ClCompile>
    <ClCompile Include="AudioLib\Biquad.cpp">
      <Filter>Source Files\AudioLib</Filter>
    </ClCompile>
    <ClCompile Include="Exports.cpp">
      <Filter>Source Files</Filter>
    </ClCompile>
  </ItemGroup>
</Project>